// !$*UTF8*$!
{
	archiveVersion = 1;
	classes = {
	};
	objectVersion = 55;
	objects = {

/* Begin PBXBuildFile section */
		550FA8C029B7EB8C00023E27 /* ExtensionKeyboard.swift in Sources */ = {isa = PBXBuildFile; fileRef = 550FA8BF29B7EB8C00023E27 /* ExtensionKeyboard.swift */; };
		5564D66529B7CCFA000794E2 /* AppDelegate.swift in Sources */ = {isa = PBXBuildFile; fileRef = 5564D66429B7CCFA000794E2 /* AppDelegate.swift */; };
		5564D66729B7CCFA000794E2 /* SceneDelegate.swift in Sources */ = {isa = PBXBuildFile; fileRef = 5564D66629B7CCFA000794E2 /* SceneDelegate.swift */; };
		5564D66929B7CCFA000794E2 /* ViewController.swift in Sources */ = {isa = PBXBuildFile; fileRef = 5564D66829B7CCFA000794E2 /* ViewController.swift */; };
		5564D66C29B7CCFA000794E2 /* Main.storyboard in Resources */ = {isa = PBXBuildFile; fileRef = 5564D66A29B7CCFA000794E2 /* Main.storyboard */; };
		5564D66E29B7CCFC000794E2 /* Assets.xcassets in Resources */ = {isa = PBXBuildFile; fileRef = 5564D66D29B7CCFC000794E2 /* Assets.xcassets */; };
		5564D67129B7CCFC000794E2 /* LaunchScreen.storyboard in Resources */ = {isa = PBXBuildFile; fileRef = 5564D66F29B7CCFC000794E2 /* LaunchScreen.storyboard */; };
		5564D67E29B7DA78000794E2 /* AssetColor.swift in Sources */ = {isa = PBXBuildFile; fileRef = 5564D67D29B7DA78000794E2 /* AssetColor.swift */; };
/* End PBXBuildFile section */

/* Begin PBXFileReference section */
		550FA8BF29B7EB8C00023E27 /* ExtensionKeyboard.swift */ = {isa = PBXFileReference; lastKnownFileType = sourcecode.swift; path = ExtensionKeyboard.swift; sourceTree = "<group>"; };
		5564D66129B7CCFA000794E2 /* SearchPhoto.app */ = {isa = PBXFileReference; explicitFileType = wrapper.application; includeInIndex = 0; path = SearchPhoto.app; sourceTree = BUILT_PRODUCTS_DIR; };
		5564D66429B7CCFA000794E2 /* AppDelegate.swift */ = {isa = PBXFileReference; lastKnownFileType = sourcecode.swift; path = AppDelegate.swift; sourceTree = "<group>"; };
		5564D66629B7CCFA000794E2 /* SceneDelegate.swift */ = {isa = PBXFileReference; lastKnownFileType = sourcecode.swift; path = SceneDelegate.swift; sourceTree = "<group>"; };
		5564D66829B7CCFA000794E2 /* ViewController.swift */ = {isa = PBXFileReference; lastKnownFileType = sourcecode.swift; path = ViewController.swift; sourceTree = "<group>"; };
		5564D66B29B7CCFA000794E2 /* Base */ = {isa = PBXFileReference; lastKnownFileType = file.storyboard; name = Base; path = Base.lproj/Main.storyboard; sourceTree = "<group>"; };
		5564D66D29B7CCFC000794E2 /* Assets.xcassets */ = {isa = PBXFileReference; lastKnownFileType = folder.assetcatalog; path = Assets.xcassets; sourceTree = "<group>"; };
		5564D67029B7CCFC000794E2 /* Base */ = {isa = PBXFileReference; lastKnownFileType = file.storyboard; name = Base; path = Base.lproj/LaunchScreen.storyboard; sourceTree = "<group>"; };
		5564D67229B7CCFC000794E2 /* Info.plist */ = {isa = PBXFileReference; lastKnownFileType = text.plist.xml; path = Info.plist; sourceTree = "<group>"; };
		5564D67D29B7DA78000794E2 /* AssetColor.swift */ = {isa = PBXFileReference; lastKnownFileType = sourcecode.swift; path = AssetColor.swift; sourceTree = "<group>"; };
/* End PBXFileReference section */

/* Begin PBXFrameworksBuildPhase section */
		5564D65E29B7CCFA000794E2 /* Frameworks */ = {
			isa = PBXFrameworksBuildPhase;
			buildActionMask = 2147483647;
			files = (
			);
			runOnlyForDeploymentPostprocessing = 0;
		};
/* End PBXFrameworksBuildPhase section */

/* Begin PBXGroup section */
		5564D65829B7CCFA000794E2 = {
			isa = PBXGroup;
			children = (
				5564D66329B7CCFA000794E2 /* SearchPhoto */,
				5564D66229B7CCFA000794E2 /* Products */,
			);
			sourceTree = "<group>";
		};
		5564D66229B7CCFA000794E2 /* Products */ = {
			isa = PBXGroup;
			children = (
				5564D66129B7CCFA000794E2 /* SearchPhoto.app */,
			);
			name = Products;
			sourceTree = "<group>";
		};
		5564D66329B7CCFA000794E2 /* SearchPhoto */ = {
			isa = PBXGroup;
			children = (
				5564D67829B7CDA6000794E2 /* Application */,
				5564D67929B7CDC9000794E2 /* Flows */,
				5564D67B29B7CE76000794E2 /* Resources */,
				5564D67229B7CCFC000794E2 /* Info.plist */,
			);
			path = SearchPhoto;
			sourceTree = "<group>";
		};
		5564D67829B7CDA6000794E2 /* Application */ = {
			isa = PBXGroup;
			children = (
				5564D66F29B7CCFC000794E2 /* LaunchScreen.storyboard */,
				5564D66429B7CCFA000794E2 /* AppDelegate.swift */,
				5564D66629B7CCFA000794E2 /* SceneDelegate.swift */,
			);
			path = Application;
			sourceTree = "<group>";
		};
		5564D67929B7CDC9000794E2 /* Flows */ = {
			isa = PBXGroup;
			children = (
				5564D67A29B7CDD3000794E2 /* MainModele */,
			);
			path = Flows;
			sourceTree = "<group>";
		};
		5564D67A29B7CDD3000794E2 /* MainModele */ = {
			isa = PBXGroup;
			children = (
				5564D66829B7CCFA000794E2 /* ViewController.swift */,
				5564D66A29B7CCFA000794E2 /* Main.storyboard */,
			);
			path = MainModele;
			sourceTree = "<group>";
		};
		5564D67B29B7CE76000794E2 /* Resources */ = {
			isa = PBXGroup;
			children = (
				5564D67F29B7EB23000794E2 /* Extension */,
				5564D67C29B7DA6F000794E2 /* Colors */,
				5564D66D29B7CCFC000794E2 /* Assets.xcassets */,
			);
			path = Resources;
			sourceTree = "<group>";
		};
		5564D67C29B7DA6F000794E2 /* Colors */ = {
			isa = PBXGroup;
			children = (
				5564D67D29B7DA78000794E2 /* AssetColor.swift */,
			);
			path = Colors;
			sourceTree = "<group>";
		};
		5564D67F29B7EB23000794E2 /* Extension */ = {
			isa = PBXGroup;
			children = (
				550FA8BF29B7EB8C00023E27 /* ExtensionKeyboard.swift */,
			);
			path = Extension;
			sourceTree = "<group>";
		};
/* End PBXGroup section */

/* Begin PBXNativeTarget section */
		5564D66029B7CCFA000794E2 /* SearchPhoto */ = {
			isa = PBXNativeTarget;
			buildConfigurationList = 5564D67529B7CCFC000794E2 /* Build configuration list for PBXNativeTarget "SearchPhoto" */;
			buildPhases = (
				5564D65D29B7CCFA000794E2 /* Sources */,
				5564D65E29B7CCFA000794E2 /* Frameworks */,
				5564D65F29B7CCFA000794E2 /* Resources */,
			);
			buildRules = (
			);
			dependencies = (
			);
			name = SearchPhoto;
			productName = SearchPhoto;
			productReference = 5564D66129B7CCFA000794E2 /* SearchPhoto.app */;
			productType = "com.apple.product-type.application";
		};
/* End PBXNativeTarget section */

/* Begin PBXProject section */
		5564D65929B7CCFA000794E2 /* Project object */ = {
			isa = PBXProject;
			attributes = {
				BuildIndependentTargetsInParallel = 1;
				LastSwiftUpdateCheck = 1340;
				LastUpgradeCheck = 1340;
				TargetAttributes = {
					5564D66029B7CCFA000794E2 = {
						CreatedOnToolsVersion = 13.4;
					};
				};
			};
			buildConfigurationList = 5564D65C29B7CCFA000794E2 /* Build configuration list for PBXProject "SearchPhoto" */;
			compatibilityVersion = "Xcode 13.0";
			developmentRegion = en;
			hasScannedForEncodings = 0;
			knownRegions = (
				en,
				Base,
			);
			mainGroup = 5564D65829B7CCFA000794E2;
			productRefGroup = 5564D66229B7CCFA000794E2 /* Products */;
			projectDirPath = "";
			projectRoot = "";
			targets = (
				5564D66029B7CCFA000794E2 /* SearchPhoto */,
			);
		};
/* End PBXProject section */

/* Begin PBXResourcesBuildPhase section */
		5564D65F29B7CCFA000794E2 /* Resources */ = {
			isa = PBXResourcesBuildPhase;
			buildActionMask = 2147483647;
			files = (
				5564D67129B7CCFC000794E2 /* LaunchScreen.storyboard in Resources */,
				5564D66E29B7CCFC000794E2 /* Assets.xcassets in Resources */,
				5564D66C29B7CCFA000794E2 /* Main.storyboard in Resources */,
			);
			runOnlyForDeploymentPostprocessing = 0;
		};
/* End PBXResourcesBuildPhase section */

/* Begin PBXSourcesBuildPhase section */
		5564D65D29B7CCFA000794E2 /* Sources */ = {
			isa = PBXSourcesBuildPhase;
			buildActionMask = 2147483647;
			files = (
				5564D66929B7CCFA000794E2 /* ViewController.swift in Sources */,
				5564D66529B7CCFA000794E2 /* AppDelegate.swift in Sources */,
				5564D67E29B7DA78000794E2 /* AssetColor.swift in Sources */,
				5564D66729B7CCFA000794E2 /* SceneDelegate.swift in Sources */,
				550FA8C029B7EB8C00023E27 /* ExtensionKeyboard.swift in Sources */,
			);
			runOnlyForDeploymentPostprocessing = 0;
		};
/* End PBXSourcesBuildPhase section */

/* Begin PBXVariantGroup section */
		5564D66A29B7CCFA000794E2 /* Main.storyboard */ = {
			isa = PBXVariantGroup;
			children = (
				5564D66B29B7CCFA000794E2 /* Base */,
			);
			name = Main.storyboard;
			sourceTree = "<group>";
		};
		5564D66F29B7CCFC000794E2 /* LaunchScreen.storyboard */ = {
			isa = PBXVariantGroup;
			children = (
				5564D67029B7CCFC000794E2 /* Base */,
			);
			name = LaunchScreen.storyboard;
			sourceTree = "<group>";
		};
/* End PBXVariantGroup section */

/* Begin XCBuildConfiguration section */
		5564D67329B7CCFC000794E2 /* Debug */ = {
			isa = XCBuildConfiguration;
			buildSettings = {
				ALWAYS_SEARCH_USER_PATHS = NO;
				CLANG_ANALYZER_NONNULL = YES;
				CLANG_ANALYZER_NUMBER_OBJECT_CONVERSION = YES_AGGRESSIVE;
				CLANG_CXX_LANGUAGE_STANDARD = "gnu++17";
				CLANG_ENABLE_MODULES = YES;
				CLANG_ENABLE_OBJC_ARC = YES;
				CLANG_ENABLE_OBJC_WEAK = YES;
				CLANG_WARN_BLOCK_CAPTURE_AUTORELEASING = YES;
				CLANG_WARN_BOOL_CONVERSION = YES;
				CLANG_WARN_COMMA = YES;
				CLANG_WARN_CONSTANT_CONVERSION = YES;
				CLANG_WARN_DEPRECATED_OBJC_IMPLEMENTATIONS = YES;
				CLANG_WARN_DIRECT_OBJC_ISA_USAGE = YES_ERROR;
				CLANG_WARN_DOCUMENTATION_COMMENTS = YES;
				CLANG_WARN_EMPTY_BODY = YES;
				CLANG_WARN_ENUM_CONVERSION = YES;
				CLANG_WARN_INFINITE_RECURSION = YES;
				CLANG_WARN_INT_CONVERSION = YES;
				CLANG_WARN_NON_LITERAL_NULL_CONVERSION = YES;
				CLANG_WARN_OBJC_IMPLICIT_RETAIN_SELF = YES;
				CLANG_WARN_OBJC_LITERAL_CONVERSION = YES;
				CLANG_WARN_OBJC_ROOT_CLASS = YES_ERROR;
				CLANG_WARN_QUOTED_INCLUDE_IN_FRAMEWORK_HEADER = YES;
				CLANG_WARN_RANGE_LOOP_ANALYSIS = YES;
				CLANG_WARN_STRICT_PROTOTYPES = YES;
				CLANG_WARN_SUSPICIOUS_MOVE = YES;
				CLANG_WARN_UNGUARDED_AVAILABILITY = YES_AGGRESSIVE;
				CLANG_WARN_UNREACHABLE_CODE = YES;
				CLANG_WARN__DUPLICATE_METHOD_MATCH = YES;
				COPY_PHASE_STRIP = NO;
				DEBUG_INFORMATION_FORMAT = dwarf;
				ENABLE_STRICT_OBJC_MSGSEND = YES;
				ENABLE_TESTABILITY = YES;
				GCC_C_LANGUAGE_STANDARD = gnu11;
				GCC_DYNAMIC_NO_PIC = NO;
				GCC_NO_COMMON_BLOCKS = YES;
				GCC_OPTIMIZATION_LEVEL = 0;
				GCC_PREPROCESSOR_DEFINITIONS = (
					"DEBUG=1",
					"$(inherited)",
				);
				GCC_WARN_64_TO_32_BIT_CONVERSION = YES;
				GCC_WARN_ABOUT_RETURN_TYPE = YES_ERROR;
				GCC_WARN_UNDECLARED_SELECTOR = YES;
				GCC_WARN_UNINITIALIZED_AUTOS = YES_AGGRESSIVE;
				GCC_WARN_UNUSED_FUNCTION = YES;
				GCC_WARN_UNUSED_VARIABLE = YES;
				IPHONEOS_DEPLOYMENT_TARGET = 15.5;
				MTL_ENABLE_DEBUG_INFO = INCLUDE_SOURCE;
				MTL_FAST_MATH = YES;
				ONLY_ACTIVE_ARCH = YES;
				SDKROOT = iphoneos;
				SWIFT_ACTIVE_COMPILATION_CONDITIONS = DEBUG;
				SWIFT_OPTIMIZATION_LEVEL = "-Onone";
			};
			name = Debug;
		};
		5564D67429B7CCFC000794E2 /* Release */ = {
			isa = XCBuildConfiguration;
			buildSettings = {
				ALWAYS_SEARCH_USER_PATHS = NO;
				CLANG_ANALYZER_NONNULL = YES;
				CLANG_ANALYZER_NUMBER_OBJECT_CONVERSION = YES_AGGRESSIVE;
				CLANG_CXX_LANGUAGE_STANDARD = "gnu++17";
				CLANG_ENABLE_MODULES = YES;
				CLANG_ENABLE_OBJC_ARC = YES;
				CLANG_ENABLE_OBJC_WEAK = YES;
				CLANG_WARN_BLOCK_CAPTURE_AUTORELEASING = YES;
				CLANG_WARN_BOOL_CONVERSION = YES;
				CLANG_WARN_COMMA = YES;
				CLANG_WARN_CONSTANT_CONVERSION = YES;
				CLANG_WARN_DEPRECATED_OBJC_IMPLEMENTATIONS = YES;
				CLANG_WARN_DIRECT_OBJC_ISA_USAGE = YES_ERROR;
				CLANG_WARN_DOCUMENTATION_COMMENTS = YES;
				CLANG_WARN_EMPTY_BODY = YES;
				CLANG_WARN_ENUM_CONVERSION = YES;
				CLANG_WARN_INFINITE_RECURSION = YES;
				CLANG_WARN_INT_CONVERSION = YES;
				CLANG_WARN_NON_LITERAL_NULL_CONVERSION = YES;
				CLANG_WARN_OBJC_IMPLICIT_RETAIN_SELF = YES;
				CLANG_WARN_OBJC_LITERAL_CONVERSION = YES;
				CLANG_WARN_OBJC_ROOT_CLASS = YES_ERROR;
				CLANG_WARN_QUOTED_INCLUDE_IN_FRAMEWORK_HEADER = YES;
				CLANG_WARN_RANGE_LOOP_ANALYSIS = YES;
				CLANG_WARN_STRICT_PROTOTYPES = YES;
				CLANG_WARN_SUSPICIOUS_MOVE = YES;
				CLANG_WARN_UNGUARDED_AVAILABILITY = YES_AGGRESSIVE;
				CLANG_WARN_UNREACHABLE_CODE = YES;
				CLANG_WARN__DUPLICATE_METHOD_MATCH = YES;
				COPY_PHASE_STRIP = NO;
				DEBUG_INFORMATION_FORMAT = "dwarf-with-dsym";
				ENABLE_NS_ASSERTIONS = NO;
				ENABLE_STRICT_OBJC_MSGSEND = YES;
				GCC_C_LANGUAGE_STANDARD = gnu11;
				GCC_NO_COMMON_BLOCKS = YES;
				GCC_WARN_64_TO_32_BIT_CONVERSION = YES;
				GCC_WARN_ABOUT_RETURN_TYPE = YES_ERROR;
				GCC_WARN_UNDECLARED_SELECTOR = YES;
				GCC_WARN_UNINITIALIZED_AUTOS = YES_AGGRESSIVE;
				GCC_WARN_UNUSED_FUNCTION = YES;
				GCC_WARN_UNUSED_VARIABLE = YES;
				IPHONEOS_DEPLOYMENT_TARGET = 15.5;
				MTL_ENABLE_DEBUG_INFO = NO;
				MTL_FAST_MATH = YES;
				SDKROOT = iphoneos;
				SWIFT_COMPILATION_MODE = wholemodule;
				SWIFT_OPTIMIZATION_LEVEL = "-O";
				VALIDATE_PRODUCT = YES;
			};
			name = Release;
		};
		5564D67629B7CCFC000794E2 /* Debug */ = {
			isa = XCBuildConfiguration;
			buildSettings = {
				ASSETCATALOG_COMPILER_APPICON_NAME = AppIcon;
				ASSETCATALOG_COMPILER_GLOBAL_ACCENT_COLOR_NAME = AccentColor;
				CODE_SIGN_STYLE = Automatic;
				CURRENT_PROJECT_VERSION = 1;
				DEVELOPMENT_TEAM = B742N52C8N;
				GENERATE_INFOPLIST_FILE = YES;
				INFOPLIST_FILE = SearchPhoto/Info.plist;
				INFOPLIST_KEY_UIApplicationSupportsIndirectInputEvents = YES;
				INFOPLIST_KEY_UILaunchStoryboardName = LaunchScreen;
				INFOPLIST_KEY_UISupportedInterfaceOrientations_iPad = "UIInterfaceOrientationPortrait UIInterfaceOrientationPortraitUpsideDown UIInterfaceOrientationLandscapeLeft UIInterfaceOrientationLandscapeRight";
				INFOPLIST_KEY_UISupportedInterfaceOrientations_iPhone = "UIInterfaceOrientationPortrait UIInterfaceOrientationLandscapeLeft UIInterfaceOrientationLandscapeRight";
				LD_RUNPATH_SEARCH_PATHS = (
					"$(inherited)",
					"@executable_path/Frameworks",
				);
				MARKETING_VERSION = 1.0;
				PRODUCT_BUNDLE_IDENTIFIER = myProject.SearchPhoto;
				PRODUCT_NAME = "$(TARGET_NAME)";
				SWIFT_EMIT_LOC_STRINGS = YES;
				SWIFT_VERSION = 5.0;
				TARGETED_DEVICE_FAMILY = "1,2";
			};
			name = Debug;
		};
		5564D67729B7CCFC000794E2 /* Release */ = {
			isa = XCBuildConfiguration;
			buildSettings = {
				ASSETCATALOG_COMPILER_APPICON_NAME = AppIcon;
				ASSETCATALOG_COMPILER_GLOBAL_ACCENT_COLOR_NAME = AccentColor;
				CODE_SIGN_STYLE = Automatic;
				CURRENT_PROJECT_VERSION = 1;
				DEVELOPMENT_TEAM = B742N52C8N;
				GENERATE_INFOPLIST_FILE = YES;
				INFOPLIST_FILE = SearchPhoto/Info.plist;
				INFOPLIST_KEY_UIApplicationSupportsIndirectInputEvents = YES;
				INFOPLIST_KEY_UILaunchStoryboardName = LaunchScreen;
				INFOPLIST_KEY_UISupportedInterfaceOrientations_iPad = "UIInterfaceOrientationPortrait UIInterfaceOrientationPortraitUpsideDown UIInterfaceOrientationLandscapeLeft UIInterfaceOrientationLandscapeRight";
				INFOPLIST_KEY_UISupportedInterfaceOrientations_iPhone = "UIInterfaceOrientationPortrait UIInterfaceOrientationLandscapeLeft UIInterfaceOrientationLandscapeRight";
				LD_RUNPATH_SEARCH_PATHS = (
					"$(inherited)",
					"@executable_path/Frameworks",
				);
				MARKETING_VERSION = 1.0;
				PRODUCT_BUNDLE_IDENTIFIER = myProject.SearchPhoto;
				PRODUCT_NAME = "$(TARGET_NAME)";
				SWIFT_EMIT_LOC_STRINGS = YES;
				SWIFT_VERSION = 5.0;
				TARGETED_DEVICE_FAMILY = "1,2";
			};
			name = Release;
		};
/* End XCBuildConfiguration section */

/* Begin XCConfigurationList section */
		5564D65C29B7CCFA000794E2 /* Build configuration list for PBXProject "SearchPhoto" */ = {
			isa = XCConfigurationList;
			buildConfigurations = (
				5564D67329B7CCFC000794E2 /* Debug */,
				5564D67429B7CCFC000794E2 /* Release */,
			);
			defaultConfigurationIsVisible = 0;
			defaultConfigurationName = Release;
		};
		5564D67529B7CCFC000794E2 /* Build configuration list for PBXNativeTarget "SearchPhoto" */ = {
			isa = XCConfigurationList;
			buildConfigurations = (
				5564D67629B7CCFC000794E2 /* Debug */,
				5564D67729B7CCFC000794E2 /* Release */,
			);
			defaultConfigurationIsVisible = 0;
			defaultConfigurationName = Release;
		};
/* End XCConfigurationList section */
	};
	rootObject = 5564D65929B7CCFA000794E2 /* Project object */;
}
